
Microsoft Visual Studio Solution File, Format Version 12.00
# Visual Studio Version 17
VisualStudioVersion = 17.3.32519.111
MinimumVisualStudioVersion = 10.0.40219.1
Project("{9A19103F-16F7-4668-BE54-9A1E7A4F7556}") = "PaymentMethod.UI", "PaymentMethod.UI\PaymentMethod.UI.csproj", "{42D3D333-1C9E-40BA-BB87-B30F85165F92}"
EndProject
Project("{9A19103F-16F7-4668-BE54-9A1E7A4F7556}") = "PaymentMethod.Services", "PaymentMethod.Services\PaymentMethod.Services.csproj", "{44A847C6-B002-479C-9106-15904CDB3227}"
EndProject
Global
	GlobalSection(SolutionConfigurationPlatforms) = preSolution
		Debug|Any CPU = Debug|Any CPU
		Release|Any CPU = Release|Any CPU
	EndGlobalSection
	GlobalSection(ProjectConfigurationPlatforms) = postSolution
		{42D3D333-1C9E-40BA-BB87-B30F85165F92}.Debug|Any CPU.ActiveCfg = Debug|Any CPU
		{42D3D333-1C9E-40BA-BB87-B30F85165F92}.Debug|Any CPU.Build.0 = Debug|Any CPU
		{42D3D333-1C9E-40BA-BB87-B30F85165F92}.Release|Any CPU.ActiveCfg = Release|Any CPU
		{42D3D333-1C9E-40BA-BB87-B30F85165F92}.Release|Any CPU.Build.0 = Release|Any CPU
		{44A847C6-B002-479C-9106-15904CDB3227}.Debug|Any CPU.ActiveCfg = Debug|Any CPU
		{44A847C6-B002-479C-9106-15904CDB3227}.Debug|Any CPU.Build.0 = Debug|Any CPU
		{44A847C6-B002-479C-9106-15904CDB3227}.Release|Any CPU.ActiveCfg = Release|Any CPU
		{44A847C6-B002-479C-9106-15904CDB3227}.Release|Any CPU.Build.0 = Release|Any CPU
	EndGlobalSection
	GlobalSection(SolutionProperties) = preSolution
		HideSolutionNode = FALSE
	EndGlobalSection
	GlobalSection(ExtensibilityGlobals) = postSolution
		SolutionGuid = {BD751023-DEDE-439D-9ECB-423EA1EC1FBA}
	EndGlobalSection
EndGlobal
